
Microsoft Visual Studio Solution File, Format Version 12.00
# Visual Studio Version 16
VisualStudioVersion = 16.0.30413.136
MinimumVisualStudioVersion = 10.0.40219.1
Project("{FAE04EC0-301F-11D3-BF4B-00C04F79EFBC}") = "Entidades", "GenericEjercicio\Entidades.csproj", "{F4AEDD3A-C45A-42BE-B465-145B513CB108}"
EndProject
Project("{FAE04EC0-301F-11D3-BF4B-00C04F79EFBC}") = "TestEntidades", "TestEntidades\TestEntidades.csproj", "{57A705F5-F319-4D15-81F4-D2DAD6236BF0}"
EndProject
Global
	GlobalSection(SolutionConfigurationPlatforms) = preSolution
		Debug|Any CPU = Debug|Any CPU
		Release|Any CPU = Release|Any CPU
	EndGlobalSection
	GlobalSection(ProjectConfigurationPlatforms) = postSolution
		{F4AEDD3A-C45A-42BE-B465-145B513CB108}.Debug|Any CPU.ActiveCfg = Debug|Any CPU
		{F4AEDD3A-C45A-42BE-B465-145B513CB108}.Debug|Any CPU.Build.0 = Debug|Any CPU
		{F4AEDD3A-C45A-42BE-B465-145B513CB108}.Release|Any CPU.ActiveCfg = Release|Any CPU
		{F4AEDD3A-C45A-42BE-B465-145B513CB108}.Release|Any CPU.Build.0 = Release|Any CPU
		{57A705F5-F319-4D15-81F4-D2DAD6236BF0}.Debug|Any CPU.ActiveCfg = Debug|Any CPU
		{57A705F5-F319-4D15-81F4-D2DAD6236BF0}.Debug|Any CPU.Build.0 = Debug|Any CPU
		{57A705F5-F319-4D15-81F4-D2DAD6236BF0}.Release|Any CPU.ActiveCfg = Release|Any CPU
		{57A705F5-F319-4D15-81F4-D2DAD6236BF0}.Release|Any CPU.Build.0 = Release|Any CPU
	EndGlobalSection
	GlobalSection(SolutionProperties) = preSolution
		HideSolutionNode = FALSE
	EndGlobalSection
	GlobalSection(ExtensibilityGlobals) = postSolution
		SolutionGuid = {875766BF-5C19-4110-9E8E-541CCAAC9AE0}
	EndGlobalSection
EndGlobal
