
Microsoft Visual Studio Solution File, Format Version 12.00
# Visual Studio Version 16
VisualStudioVersion = 16.0.30413.136
MinimumVisualStudioVersion = 10.0.40219.1
Project("{FAE04EC0-301F-11D3-BF4B-00C04F79EFBC}") = "Entidades", "Entidades\Entidades.csproj", "{4D348ABA-FBFF-48AC-9F00-6B15ADCFB6FF}"
EndProject
Project("{FAE04EC0-301F-11D3-BF4B-00C04F79EFBC}") = "TestEntidades", "TestEntidades\TestEntidades.csproj", "{24BAFBCF-C2AB-4B22-864B-CC12A8253ED2}"
EndProject
Global
	GlobalSection(SolutionConfigurationPlatforms) = preSolution
		Debug|Any CPU = Debug|Any CPU
		Release|Any CPU = Release|Any CPU
	EndGlobalSection
	GlobalSection(ProjectConfigurationPlatforms) = postSolution
		{4D348ABA-FBFF-48AC-9F00-6B15ADCFB6FF}.Debug|Any CPU.ActiveCfg = Debug|Any CPU
		{4D348ABA-FBFF-48AC-9F00-6B15ADCFB6FF}.Debug|Any CPU.Build.0 = Debug|Any CPU
		{4D348ABA-FBFF-48AC-9F00-6B15ADCFB6FF}.Release|Any CPU.ActiveCfg = Release|Any CPU
		{4D348ABA-FBFF-48AC-9F00-6B15ADCFB6FF}.Release|Any CPU.Build.0 = Release|Any CPU
		{24BAFBCF-C2AB-4B22-864B-CC12A8253ED2}.Debug|Any CPU.ActiveCfg = Debug|Any CPU
		{24BAFBCF-C2AB-4B22-864B-CC12A8253ED2}.Debug|Any CPU.Build.0 = Debug|Any CPU
		{24BAFBCF-C2AB-4B22-864B-CC12A8253ED2}.Release|Any CPU.ActiveCfg = Release|Any CPU
		{24BAFBCF-C2AB-4B22-864B-CC12A8253ED2}.Release|Any CPU.Build.0 = Release|Any CPU
	EndGlobalSection
	GlobalSection(SolutionProperties) = preSolution
		HideSolutionNode = FALSE
	EndGlobalSection
	GlobalSection(ExtensibilityGlobals) = postSolution
		SolutionGuid = {F2F3435B-89C6-4F3F-A94D-9DBDC0B13002}
	EndGlobalSection
EndGlobal
